{
  "lockfile_version": 1,
  "plugins": {
    "agent-plugins/agent-discipline": "6c46b39325b51a5e960a199b471d201ddfaf9a9a987c9335ee43b9e4cb6e974f",
    "agent-plugins/block-curl-pipe-sh": "e2784887b0170114c2bbdd6b0ca38db11998f40a2c9d957147ce37e25869e369",
    "agent-plugins/block-destructive-commands": "c61b99e190160de2d85bc4e82ef5835b0990d7802e5be82be9e7b4b31db96cc3",
    "agent-plugins/block-invisible-unicode": "8431ee01e2eb1931a60625dbae526117b0f4c9da57d8575480a47cebd1c17812",
    "agent-plugins/block-no-verify": "513cc99b37e1064359e313b30d3632611e68dba87e28949c2f92a86e925260e5",
    "agent-plugins/block-unapproved-egress": "dec8ac55c498e2513726921bd74b3cba36f5310a4186f0b1227d60362155bc77",
    "agent-plugins/block-wildcard-agent-permissions": "b5da0a00b8cef2f0935410a8e6b246c06a204f3b6370f5de7b2fb6ec7b35b88e",
    "agent-plugins/chock-mise": "473b414eda06ea142b6d9dba855ea1006a59c260b772913b657d2dbba9217b17",
    "agent-plugins/code-safety": "db1dc27c8912ce15f5ebf5ec99952753f640ed96637b43654162b15527b7283d",
    "agent-plugins/context-hygiene": "f6eacceb071d46746293a1bdc8a62ca3931629d7da3d3f2e987466dcf7530095",
    "agent-plugins/git-safety": "3a5a9f1006d0a6f3a3a0092486ade4b3670a2446c85c091d1218c3ca6cad01ac",
    "agent-plugins/injection-defense": "195924a96366185014693ef9b360958158001ea95b9cd1409ea90992cb6d548d",
    "agent-plugins/memory-discipline": "60d8a86bdc509535aaab293cd989efe4d6e4439227d576fd7d11fdf44c573e1c",
    "agent-plugins/pin-github-actions": "7798064cf673776791ee9bb5855324fc4750736ef0708f475ff5b28ed28bd30b",
    "agent-plugins/protect-agent-config": "723d01ba3fd466510cd22e325bf9da365d2d3eb9497b0e152dd0a8b75a08e975",
    "agent-plugins/protect-ci-workflows": "e2e884928623024c07d9078d1ce43b4ae0e77480506a0054602f6485c5d03cee",
    "agent-plugins/protect-commit-privacy": "57dad3525cb99f1e49ef6e90fcb91a51a6414c9db82152fa853bfb4e35dcb642",
    "agent-plugins/protect-main-branch": "ca3e3c686b74e8bf8d812d8390b2c7bf4ee1351e97a07274b989f22814c599ad",
    "agent-plugins/scan-secrets": "31b0f6cf8f9a461ff19b78953acd77dca9e61c8b3c1c6a22adebe4c9edb54258",
    "agent-plugins/token-efficiency": "c2e6715fa54a21cb5c7bbdaf1f49a8fb7b355d1f527786b9338f5d451460dcab",
    "agent-plugins/verify-dependency-exists": "8aa32c1ab00549958853f0454c34f91b34b5a352a71d863ad7d4921469f760bb",
    "claude/agent-discipline": "fef5753b134f952ca7fcf25436fbaef249eb95713c00f062f4dfa7f46fa885a6",
    "claude/block-curl-pipe-sh": "74b90594edd4a12883e1a79c4fca27371035331a6fe152680ea5634667d735a0",
    "claude/block-destructive-commands": "a3c10b21590e9007e7323cf8671a6d5592a7fa274ff125072a1dbca2c57cd828",
    "claude/block-invisible-unicode": "356fd61297edf704a0acb0dd25e47089bc0e5920af6c7e369ca19133dace2a2a",
    "claude/block-no-verify": "59d92a6390f01ecaa3b81ab5f2e72a3b92a22c7f9d783a3a3542faa8414519c0",
    "claude/block-unapproved-egress": "b3faa798339b4d42f783c7e4ba1b69b1fd05f75eeeffa5cd8da49480f2bc6589",
    "claude/block-wildcard-agent-permissions": "48b74e8cb93f7c61a6383f8155336fd249aca0798e44a3bacb166978cb8c8bb9",
    "claude/chock-mise": "e2efc18c767beeca590f9b9fb337639b44b1eec0e3c1afeb472af5ca2f7143d0",
    "claude/code-safety": "a2183886e58a9b0aa625b99e3215aeabb8374b30e9e61fdb6c0f332213abecc9",
    "claude/context-hygiene": "6f3a696cb218de8d10e2ce8cfbf87a155d27462d82e115c4febeae5a71c5f7ce",
    "claude/git-safety": "abb7a4e4995dbc6f5911a8dba373e2edd75c54701c7e470c3df1bf5ec329d149",
    "claude/injection-defense": "c753c4db141ca05a831e102f98d5f427466bab7b33fddfc499a0c42a4e8fc432",
    "claude/memory-discipline": "10d1b317ac8ed78796be65a096f1fa4a16244fa762bfed40177e45dcab6dc602",
    "claude/pin-github-actions": "d4c03b3f67cde515957039b988d6b40bdb41694576fbe4e98a3d6f04da2edcad",
    "claude/protect-agent-config": "8a07912904a55ff9f10d7633496969ccf8136cc50b790e1504f116aacf182ea6",
    "claude/protect-ci-workflows": "fac84fcfa596c030e292f4f38fbdca7bdaaaa5ae731c58d5c76fef82465b60a6",
    "claude/protect-commit-privacy": "02371323657ccaeabf80e5f67770d7935be3aca03a7237037da31eb912b57323",
    "claude/protect-main-branch": "ce7af7d45ceb15691e76bdd3d92f0608fbbdb290692c033d1fff3db88e4581bd",
    "claude/scan-secrets": "233998e9828c512779836138c22f7cf853d125436d687e65da3ff9e608957bd3",
    "claude/token-efficiency": "e46444679ebaf590aff5ad4bbebfbae6c4d82ef67e286dd6d3978feb0c8dfd6b",
    "claude/verify-dependency-exists": "eceebaac5c4d2914e2242dfc578a575b3c407af51bfcc0fd4b433c1f787492dd",
    "docs/assets": "32e9e55c72cd79c4a3ae10a134c2c5354e8bd81dc78fe80b7873fd45b1094df5"
  }
}
